// !$*UTF8*$!
{
	archiveVersion = 1;
	classes = {
	};
	objectVersion = 46;
	objects = {

/* Begin PBXBuildFile section */
		203B86FF295AC2CB2C1D43A6 /* Pods_Spot.framework in Frameworks */ = {isa = PBXBuildFile; fileRef = 592A8C5053223E6AACB628FD /* Pods_Spot.framework */; };
		28182C7C68803171320FA5E5 /* Pods_SpotTests.framework in Frameworks */ = {isa = PBXBuildFile; fileRef = E1C42D517B76E533F3A7AC59 /* Pods_SpotTests.framework */; };
		86F86CE2ECC693348F19801E /* Pods_SpotUITests.framework in Frameworks */ = {isa = PBXBuildFile; fileRef = 5043090B09C4B028705B5F17 /* Pods_SpotUITests.framework */; };
		C6D0ACFE1DABF74000BD1458 /* AppDelegate.swift in Sources */ = {isa = PBXBuildFile; fileRef = C6D0ACFD1DABF74000BD1458 /* AppDelegate.swift */; };
		C6D0AD001DABF74000BD1458 /* ViewController.swift in Sources */ = {isa = PBXBuildFile; fileRef = C6D0ACFF1DABF74000BD1458 /* ViewController.swift */; };
		C6D0AD031DABF74000BD1458 /* Main.storyboard in Resources */ = {isa = PBXBuildFile; fileRef = C6D0AD011DABF74000BD1458 /* Main.storyboard */; };
		C6D0AD051DABF74000BD1458 /* Assets.xcassets in Resources */ = {isa = PBXBuildFile; fileRef = C6D0AD041DABF74000BD1458 /* Assets.xcassets */; };
		C6D0AD081DABF74000BD1458 /* LaunchScreen.storyboard in Resources */ = {isa = PBXBuildFile; fileRef = C6D0AD061DABF74000BD1458 /* LaunchScreen.storyboard */; };
		C6D0AD131DABF74000BD1458 /* SpotTests.swift in Sources */ = {isa = PBXBuildFile; fileRef = C6D0AD121DABF74000BD1458 /* SpotTests.swift */; };
		C6D0AD1E1DABF74000BD1458 /* SpotUITests.swift in Sources */ = {isa = PBXBuildFile; fileRef = C6D0AD1D1DABF74000BD1458 /* SpotUITests.swift */; };
/* End PBXBuildFile section */

/* Begin PBXContainerItemProxy section */
		C6D0AD0F1DABF74000BD1458 /* PBXContainerItemProxy */ = {
			isa = PBXContainerItemProxy;
			containerPortal = C6D0ACF21DABF74000BD1458 /* Project object */;
			proxyType = 1;
			remoteGlobalIDString = C6D0ACF91DABF74000BD1458;
			remoteInfo = Spot;
		};
		C6D0AD1A1DABF74000BD1458 /* PBXContainerItemProxy */ = {
			isa = PBXContainerItemProxy;
			containerPortal = C6D0ACF21DABF74000BD1458 /* Project object */;
			proxyType = 1;
			remoteGlobalIDString = C6D0ACF91DABF74000BD1458;
			remoteInfo = Spot;
		};
/* End PBXContainerItemProxy section */

/* Begin PBXFileReference section */
		179BDABC9F97850B376A85C7 /* Pods-SpotUITests.release.xcconfig */ = {isa = PBXFileReference; includeInIndex = 1; lastKnownFileType = text.xcconfig; name = "Pods-SpotUITests.release.xcconfig"; path = "Pods/Target Support Files/Pods-SpotUITests/Pods-SpotUITests.release.xcconfig"; sourceTree = "<group>"; };
		2126C64F1DC02F77A558B196 /* Pods-SpotTests.release.xcconfig */ = {isa = PBXFileReference; includeInIndex = 1; lastKnownFileType = text.xcconfig; name = "Pods-SpotTests.release.xcconfig"; path = "Pods/Target Support Files/Pods-SpotTests/Pods-SpotTests.release.xcconfig"; sourceTree = "<group>"; };
		2D45B28E99491D784ACF489A /* Pods-SpotUITests.debug.xcconfig */ = {isa = PBXFileReference; includeInIndex = 1; lastKnownFileType = text.xcconfig; name = "Pods-SpotUITests.debug.xcconfig"; path = "Pods/Target Support Files/Pods-SpotUITests/Pods-SpotUITests.debug.xcconfig"; sourceTree = "<group>"; };
		5043090B09C4B028705B5F17 /* Pods_SpotUITests.framework */ = {isa = PBXFileReference; explicitFileType = wrapper.framework; includeInIndex = 0; path = Pods_SpotUITests.framework; sourceTree = BUILT_PRODUCTS_DIR; };
		592A8C5053223E6AACB628FD /* Pods_Spot.framework */ = {isa = PBXFileReference; explicitFileType = wrapper.framework; includeInIndex = 0; path = Pods_Spot.framework; sourceTree = BUILT_PRODUCTS_DIR; };
		B4F1B4ED4A08D75AF71909F4 /* Pods-Spot.release.xcconfig */ = {isa = PBXFileReference; includeInIndex = 1; lastKnownFileType = text.xcconfig; name = "Pods-Spot.release.xcconfig"; path = "Pods/Target Support Files/Pods-Spot/Pods-Spot.release.xcconfig"; sourceTree = "<group>"; };
		C6D0ACFA1DABF74000BD1458 /* Spot.app */ = {isa = PBXFileReference; explicitFileType = wrapper.application; includeInIndex = 0; path = Spot.app; sourceTree = BUILT_PRODUCTS_DIR; };
		C6D0ACFD1DABF74000BD1458 /* AppDelegate.swift */ = {isa = PBXFileReference; lastKnownFileType = sourcecode.swift; path = AppDelegate.swift; sourceTree = "<group>"; };
		C6D0ACFF1DABF74000BD1458 /* ViewController.swift */ = {isa = PBXFileReference; lastKnownFileType = sourcecode.swift; path = ViewController.swift; sourceTree = "<group>"; };
		C6D0AD021DABF74000BD1458 /* Base */ = {isa = PBXFileReference; lastKnownFileType = file.storyboard; name = Base; path = Base.lproj/Main.storyboard; sourceTree = "<group>"; };
		C6D0AD041DABF74000BD1458 /* Assets.xcassets */ = {isa = PBXFileReference; lastKnownFileType = folder.assetcatalog; path = Assets.xcassets; sourceTree = "<group>"; };
		C6D0AD071DABF74000BD1458 /* Base */ = {isa = PBXFileReference; lastKnownFileType = file.storyboard; name = Base; path = Base.lproj/LaunchScreen.storyboard; sourceTree = "<group>"; };
		C6D0AD091DABF74000BD1458 /* Info.plist */ = {isa = PBXFileReference; lastKnownFileType = text.plist.xml; path = Info.plist; sourceTree = "<group>"; };
		C6D0AD0E1DABF74000BD1458 /* SpotTests.xctest */ = {isa = PBXFileReference; explicitFileType = wrapper.cfbundle; includeInIndex = 0; path = SpotTests.xctest; sourceTree = BUILT_PRODUCTS_DIR; };
		C6D0AD121DABF74000BD1458 /* SpotTests.swift */ = {isa = PBXFileReference; lastKnownFileType = sourcecode.swift; path = SpotTests.swift; sourceTree = "<group>"; };
		C6D0AD141DABF74000BD1458 /* Info.plist */ = {isa = PBXFileReference; lastKnownFileType = text.plist.xml; path = Info.plist; sourceTree = "<group>"; };
		C6D0AD191DABF74000BD1458 /* SpotUITests.xctest */ = {isa = PBXFileReference; explicitFileType = wrapper.cfbundle; includeInIndex = 0; path = SpotUITests.xctest; sourceTree = BUILT_PRODUCTS_DIR; };
		C6D0AD1D1DABF74000BD1458 /* SpotUITests.swift */ = {isa = PBXFileReference; lastKnownFileType = sourcecode.swift; path = SpotUITests.swift; sourceTree = "<group>"; };
		C6D0AD1F1DABF74000BD1458 /* Info.plist */ = {isa = PBXFileReference; lastKnownFileType = text.plist.xml; path = Info.plist; sourceTree = "<group>"; };
		D635A5B201331773585950DC /* Pods-Spot.debug.xcconfig */ = {isa = PBXFileReference; includeInIndex = 1; lastKnownFileType = text.xcconfig; name = "Pods-Spot.debug.xcconfig"; path = "Pods/Target Support Files/Pods-Spot/Pods-Spot.debug.xcconfig"; sourceTree = "<group>"; };
		E1C42D517B76E533F3A7AC59 /* Pods_SpotTests.framework */ = {isa = PBXFileReference; explicitFileType = wrapper.framework; includeInIndex = 0; path = Pods_SpotTests.framework; sourceTree = BUILT_PRODUCTS_DIR; };
		EA921F62734DAE9EFDD2E568 /* Pods-SpotTests.debug.xcconfig */ = {isa = PBXFileReference; includeInIndex = 1; lastKnownFileType = text.xcconfig; name = "Pods-SpotTests.debug.xcconfig"; path = "Pods/Target Support Files/Pods-SpotTests/Pods-SpotTests.debug.xcconfig"; sourceTree = "<group>"; };
/* End PBXFileReference section */

/* Begin PBXFrameworksBuildPhase section */
		C6D0ACF71DABF74000BD1458 /* Frameworks */ = {
			isa = PBXFrameworksBuildPhase;
			buildActionMask = 2147483647;
			files = (
				203B86FF295AC2CB2C1D43A6 /* Pods_Spot.framework in Frameworks */,
			);
			runOnlyForDeploymentPostprocessing = 0;
		};
		C6D0AD0B1DABF74000BD1458 /* Frameworks */ = {
			isa = PBXFrameworksBuildPhase;
			buildActionMask = 2147483647;
			files = (
				28182C7C68803171320FA5E5 /* Pods_SpotTests.framework in Frameworks */,
			);
			runOnlyForDeploymentPostprocessing = 0;
		};
		C6D0AD161DABF74000BD1458 /* Frameworks */ = {
			isa = PBXFrameworksBuildPhase;
			buildActionMask = 2147483647;
			files = (
				86F86CE2ECC693348F19801E /* Pods_SpotUITests.framework in Frameworks */,
			);
			runOnlyForDeploymentPostprocessing = 0;
		};
/* End PBXFrameworksBuildPhase section */

/* Begin PBXGroup section */
		B3BDEB05EA2F1B9EA0C8DA77 /* Pods */ = {
			isa = PBXGroup;
			children = (
				D635A5B201331773585950DC /* Pods-Spot.debug.xcconfig */,
				B4F1B4ED4A08D75AF71909F4 /* Pods-Spot.release.xcconfig */,
				EA921F62734DAE9EFDD2E568 /* Pods-SpotTests.debug.xcconfig */,
				2126C64F1DC02F77A558B196 /* Pods-SpotTests.release.xcconfig */,
				2D45B28E99491D784ACF489A /* Pods-SpotUITests.debug.xcconfig */,
				179BDABC9F97850B376A85C7 /* Pods-SpotUITests.release.xcconfig */,
			);
			name = Pods;
			sourceTree = "<group>";
		};
		C6D0ACF11DABF74000BD1458 = {
			isa = PBXGroup;
			children = (
				C6D0ACFC1DABF74000BD1458 /* Spot */,
				C6D0AD111DABF74000BD1458 /* SpotTests */,
				C6D0AD1C1DABF74000BD1458 /* SpotUITests */,
				C6D0ACFB1DABF74000BD1458 /* Products */,
				B3BDEB05EA2F1B9EA0C8DA77 /* Pods */,
				E03AFA13A040862747ACFDDD /* Frameworks */,
			);
			sourceTree = "<group>";
		};
		C6D0ACFB1DABF74000BD1458 /* Products */ = {
			isa = PBXGroup;
			children = (
				C6D0ACFA1DABF74000BD1458 /* Spot.app */,
				C6D0AD0E1DABF74000BD1458 /* SpotTests.xctest */,
				C6D0AD191DABF74000BD1458 /* SpotUITests.xctest */,
			);
			name = Products;
			sourceTree = "<group>";
		};
		C6D0ACFC1DABF74000BD1458 /* Spot */ = {
			isa = PBXGroup;
			children = (
				C6D0ACFD1DABF74000BD1458 /* AppDelegate.swift */,
				C6D0ACFF1DABF74000BD1458 /* ViewController.swift */,
				C6D0AD011DABF74000BD1458 /* Main.storyboard */,
				C6D0AD041DABF74000BD1458 /* Assets.xcassets */,
				C6D0AD061DABF74000BD1458 /* LaunchScreen.storyboard */,
				C6D0AD091DABF74000BD1458 /* Info.plist */,
			);
			path = Spot;
			sourceTree = "<group>";
		};
		C6D0AD111DABF74000BD1458 /* SpotTests */ = {
			isa = PBXGroup;
			children = (
				C6D0AD121DABF74000BD1458 /* SpotTests.swift */,
				C6D0AD141DABF74000BD1458 /* Info.plist */,
			);
			path = SpotTests;
			sourceTree = "<group>";
		};
		C6D0AD1C1DABF74000BD1458 /* SpotUITests */ = {
			isa = PBXGroup;
			children = (
				C6D0AD1D1DABF74000BD1458 /* SpotUITests.swift */,
				C6D0AD1F1DABF74000BD1458 /* Info.plist */,
			);
			path = SpotUITests;
			sourceTree = "<group>";
		};
		E03AFA13A040862747ACFDDD /* Frameworks */ = {
			isa = PBXGroup;
			children = (
				592A8C5053223E6AACB628FD /* Pods_Spot.framework */,
				E1C42D517B76E533F3A7AC59 /* Pods_SpotTests.framework */,
				5043090B09C4B028705B5F17 /* Pods_SpotUITests.framework */,
			);
			name = Frameworks;
			sourceTree = "<group>";
		};
/* End PBXGroup section */

/* Begin PBXNativeTarget section */
		C6D0ACF91DABF74000BD1458 /* Spot */ = {
			isa = PBXNativeTarget;
			buildConfigurationList = C6D0AD221DABF74000BD1458 /* Build configuration list for PBXNativeTarget "Spot" */;
			buildPhases = (
				6792F0B199F53EBD651266FD /* [CP] Check Pods Manifest.lock */,
				C6D0ACF61DABF74000BD1458 /* Sources */,
				C6D0ACF71DABF74000BD1458 /* Frameworks */,
				C6D0ACF81DABF74000BD1458 /* Resources */,
				11066FA2363B6D9175993E8C /* [CP] Embed Pods Frameworks */,
				C98776AE7F6B6EB10642D3BE /* [CP] Copy Pods Resources */,
			);
			buildRules = (
			);
			dependencies = (
			);
			name = Spot;
			productName = Spot;
			productReference = C6D0ACFA1DABF74000BD1458 /* Spot.app */;
			productType = "com.apple.product-type.application";
		};
		C6D0AD0D1DABF74000BD1458 /* SpotTests */ = {
			isa = PBXNativeTarget;
			buildConfigurationList = C6D0AD251DABF74000BD1458 /* Build configuration list for PBXNativeTarget "SpotTests" */;
			buildPhases = (
				51E98D0EA46008701C0D45C4 /* [CP] Check Pods Manifest.lock */,
				C6D0AD0A1DABF74000BD1458 /* Sources */,
				C6D0AD0B1DABF74000BD1458 /* Frameworks */,
				C6D0AD0C1DABF74000BD1458 /* Resources */,
				669F1398B5056C96FB21DDA1 /* [CP] Embed Pods Frameworks */,
				8834E9E442B4630C64F8269F /* [CP] Copy Pods Resources */,
			);
			buildRules = (
			);
			dependencies = (
				C6D0AD101DABF74000BD1458 /* PBXTargetDependency */,
			);
			name = SpotTests;
			productName = SpotTests;
			productReference = C6D0AD0E1DABF74000BD1458 /* SpotTests.xctest */;
			productType = "com.apple.product-type.bundle.unit-test";
		};
		C6D0AD181DABF74000BD1458 /* SpotUITests */ = {
			isa = PBXNativeTarget;
			buildConfigurationList = C6D0AD281DABF74000BD1458 /* Build configuration list for PBXNativeTarget "SpotUITests" */;
			buildPhases = (
				8EB72B80E57FF1707FCDA79E /* [CP] Check Pods Manifest.lock */,
				C6D0AD151DABF74000BD1458 /* Sources */,
				C6D0AD161DABF74000BD1458 /* Frameworks */,
				C6D0AD171DABF74000BD1458 /* Resources */,
				1A0415AAE8BBEB2DE726E06E /* [CP] Embed Pods Frameworks */,
				473B811EFB012C7E37E81652 /* [CP] Copy Pods Resources */,
			);
			buildRules = (
			);
			dependencies = (
				C6D0AD1B1DABF74000BD1458 /* PBXTargetDependency */,
			);
			name = SpotUITests;
			productName = SpotUITests;
			productReference = C6D0AD191DABF74000BD1458 /* SpotUITests.xctest */;
			productType = "com.apple.product-type.bundle.ui-testing";
		};
/* End PBXNativeTarget section */

/* Begin PBXProject section */
		C6D0ACF21DABF74000BD1458 /* Project object */ = {
			isa = PBXProject;
			attributes = {
				LastSwiftUpdateCheck = 0800;
				LastUpgradeCheck = 0800;
				ORGANIZATIONNAME = "Buka Cakrawala";
				TargetAttributes = {
					C6D0ACF91DABF74000BD1458 = {
						CreatedOnToolsVersion = 8.0;
						ProvisioningStyle = Automatic;
					};
					C6D0AD0D1DABF74000BD1458 = {
						CreatedOnToolsVersion = 8.0;
						ProvisioningStyle = Automatic;
						TestTargetID = C6D0ACF91DABF74000BD1458;
					};
					C6D0AD181DABF74000BD1458 = {
						CreatedOnToolsVersion = 8.0;
						ProvisioningStyle = Automatic;
						TestTargetID = C6D0ACF91DABF74000BD1458;
					};
				};
			};
			buildConfigurationList = C6D0ACF51DABF74000BD1458 /* Build configuration list for PBXProject "Spot" */;
			compatibilityVersion = "Xcode 3.2";
			developmentRegion = English;
			hasScannedForEncodings = 0;
			knownRegions = (
				en,
				Base,
			);
			mainGroup = C6D0ACF11DABF74000BD1458;
			productRefGroup = C6D0ACFB1DABF74000BD1458 /* Products */;
			projectDirPath = "";
			projectRoot = "";
			targets = (
				C6D0ACF91DABF74000BD1458 /* Spot */,
				C6D0AD0D1DABF74000BD1458 /* SpotTests */,
				C6D0AD181DABF74000BD1458 /* SpotUITests */,
			);
		};
/* End PBXProject section */

/* Begin PBXResourcesBuildPhase section */
		C6D0ACF81DABF74000BD1458 /* Resources */ = {
			isa = PBXResourcesBuildPhase;
			buildActionMask = 2147483647;
			files = (
				C6D0AD081DABF74000BD1458 /* LaunchScreen.storyboard in Resources */,
				C6D0AD051DABF74000BD1458 /* Assets.xcassets in Resources */,
				C6D0AD031DABF74000BD1458 /* Main.storyboard in Resources */,
			);
			runOnlyForDeploymentPostprocessing = 0;
		};
		C6D0AD0C1DABF74000BD1458 /* Resources */ = {
			isa = PBXResourcesBuildPhase;
			buildActionMask = 2147483647;
			files = (
			);
			runOnlyForDeploymentPostprocessing = 0;
		};
		C6D0AD171DABF74000BD1458 /* Resources */ = {
			isa = PBXResourcesBuildPhase;
			buildActionMask = 2147483647;
			files = (
			);
			runOnlyForDeploymentPostprocessing = 0;
		};
/* End PBXResourcesBuildPhase section */

/* Begin PBXShellScriptBuildPhase section */
		11066FA2363B6D9175993E8C /* [CP] Embed Pods Frameworks */ = {
			isa = PBXShellScriptBuildPhase;
			buildActionMask = 2147483647;
			files = (
			);
			inputPaths = (
			);
			name = "[CP] Embed Pods Frameworks";
			outputPaths = (
			);
			runOnlyForDeploymentPostprocessing = 0;
			shellPath = /bin/sh;
			shellScript = "\"${SRCROOT}/Pods/Target Support Files/Pods-Spot/Pods-Spot-frameworks.sh\"\n";
			showEnvVarsInLog = 0;
		};
		1A0415AAE8BBEB2DE726E06E /* [CP] Embed Pods Frameworks */ = {
			isa = PBXShellScriptBuildPhase;
			buildActionMask = 2147483647;
			files = (
			);
			inputPaths = (
			);
			name = "[CP] Embed Pods Frameworks";
			outputPaths = (
			);
			runOnlyForDeploymentPostprocessing = 0;
			shellPath = /bin/sh;
			shellScript = "\"${SRCROOT}/Pods/Target Support Files/Pods-SpotUITests/Pods-SpotUITests-frameworks.sh\"\n";
			showEnvVarsInLog = 0;
		};
		473B811EFB012C7E37E81652 /* [CP] Copy Pods Resources */ = {
			isa = PBXShellScriptBuildPhase;
			buildActionMask = 2147483647;
			files = (
			);
			inputPaths = (
			);
			name = "[CP] Copy Pods Resources";
			outputPaths = (
			);
			runOnlyForDeploymentPostprocessing = 0;
			shellPath = /bin/sh;
			shellScript = "\"${SRCROOT}/Pods/Target Support Files/Pods-SpotUITests/Pods-SpotUITests-resources.sh\"\n";
			showEnvVarsInLog = 0;
		};
		51E98D0EA46008701C0D45C4 /* [CP] Check Pods Manifest.lock */ = {
			isa = PBXShellScriptBuildPhase;
			buildActionMask = 2147483647;
			files = (
			);
			inputPaths = (
			);
			name = "[CP] Check Pods Manifest.lock";
			outputPaths = (
			);
			runOnlyForDeploymentPostprocessing = 0;
			shellPath = /bin/sh;
			shellScript = "diff \"${PODS_ROOT}/../Podfile.lock\" \"${PODS_ROOT}/Manifest.lock\" > /dev/null\nif [ $? != 0 ] ; then\n    # print error to STDERR\n    echo \"error: The sandbox is not in sync with the Podfile.lock. Run 'pod install' or update your CocoaPods installation.\" >&2\n    exit 1\nfi\n";
			showEnvVarsInLog = 0;
		};
		669F1398B5056C96FB21DDA1 /* [CP] Embed Pods Frameworks */ = {
			isa = PBXShellScriptBuildPhase;
			buildActionMask = 2147483647;
			files = (
			);
			inputPaths = (
			);
			name = "[CP] Embed Pods Frameworks";
			outputPaths = (
			);
			runOnlyForDeploymentPostprocessing = 0;
			shellPath = /bin/sh;
			shellScript = "\"${SRCROOT}/Pods/Target Support Files/Pods-SpotTests/Pods-SpotTests-frameworks.sh\"\n";
			showEnvVarsInLog = 0;
		};
		6792F0B199F53EBD651266FD /* [CP] Check Pods Manifest.lock */ = {
			isa = PBXShellScriptBuildPhase;
			buildActionMask = 2147483647;
			files = (
			);
			inputPaths = (
			);
			name = "[CP] Check Pods Manifest.lock";
			outputPaths = (
			);
			runOnlyForDeploymentPostprocessing = 0;
			shellPath = /bin/sh;
			shellScript = "diff \"${PODS_ROOT}/../Podfile.lock\" \"${PODS_ROOT}/Manifest.lock\" > /dev/null\nif [ $? != 0 ] ; then\n    # print error to STDERR\n    echo \"error: The sandbox is not in sync with the Podfile.lock. Run 'pod install' or update your CocoaPods installation.\" >&2\n    exit 1\nfi\n";
			showEnvVarsInLog = 0;
		};
		8834E9E442B4630C64F8269F /* [CP] Copy Pods Resources */ = {
			isa = PBXShellScriptBuildPhase;
			buildActionMask = 2147483647;
			files = (
			);
			inputPaths = (
			);
			name = "[CP] Copy Pods Resources";
			outputPaths = (
			);
			runOnlyForDeploymentPostprocessing = 0;
			shellPath = /bin/sh;
			shellScript = "\"${SRCROOT}/Pods/Target Support Files/Pods-SpotTests/Pods-SpotTests-resources.sh\"\n";
			showEnvVarsInLog = 0;
		};
		8EB72B80E57FF1707FCDA79E /* [CP] Check Pods Manifest.lock */ = {
			isa = PBXShellScriptBuildPhase;
			buildActionMask = 2147483647;
			files = (
			);
			inputPaths = (
			);
			name = "[CP] Check Pods Manifest.lock";
			outputPaths = (
			);
			runOnlyForDeploymentPostprocessing = 0;
			shellPath = /bin/sh;
			shellScript = "diff \"${PODS_ROOT}/../Podfile.lock\" \"${PODS_ROOT}/Manifest.lock\" > /dev/null\nif [ $? != 0 ] ; then\n    # print error to STDERR\n    echo \"error: The sandbox is not in sync with the Podfile.lock. Run 'pod install' or update your CocoaPods installation.\" >&2\n    exit 1\nfi\n";
			showEnvVarsInLog = 0;
		};
		C98776AE7F6B6EB10642D3BE /* [CP] Copy Pods Resources */ = {
			isa = PBXShellScriptBuildPhase;
			buildActionMask = 2147483647;
			files = (
			);
			inputPaths = (
			);
			name = "[CP] Copy Pods Resources";
			outputPaths = (
			);
			runOnlyForDeploymentPostprocessing = 0;
			shellPath = /bin/sh;
			shellScript = "\"${SRCROOT}/Pods/Target Support Files/Pods-Spot/Pods-Spot-resources.sh\"\n";
			showEnvVarsInLog = 0;
		};
/* End PBXShellScriptBuildPhase section */

/* Begin PBXSourcesBuildPhase section */
		C6D0ACF61DABF74000BD1458 /* Sources */ = {
			isa = PBXSourcesBuildPhase;
			buildActionMask = 2147483647;
			files = (
				C6D0AD001DABF74000BD1458 /* ViewController.swift in Sources */,
				C6D0ACFE1DABF74000BD1458 /* AppDelegate.swift in Sources */,
			);
			runOnlyForDeploymentPostprocessing = 0;
		};
		C6D0AD0A1DABF74000BD1458 /* Sources */ = {
			isa = PBXSourcesBuildPhase;
			buildActionMask = 2147483647;
			files = (
				C6D0AD131DABF74000BD1458 /* SpotTests.swift in Sources */,
			);
			runOnlyForDeploymentPostprocessing = 0;
		};
		C6D0AD151DABF74000BD1458 /* Sources */ = {
			isa = PBXSourcesBuildPhase;
			buildActionMask = 2147483647;
			files = (
				C6D0AD1E1DABF74000BD1458 /* SpotUITests.swift in Sources */,
			);
			runOnlyForDeploymentPostprocessing = 0;
		};
/* End PBXSourcesBuildPhase section */

/* Begin PBXTargetDependency section */
		C6D0AD101DABF74000BD1458 /* PBXTargetDependency */ = {
			isa = PBXTargetDependency;
			target = C6D0ACF91DABF74000BD1458 /* Spot */;
			targetProxy = C6D0AD0F1DABF74000BD1458 /* PBXContainerItemProxy */;
		};
		C6D0AD1B1DABF74000BD1458 /* PBXTargetDependency */ = {
			isa = PBXTargetDependency;
			target = C6D0ACF91DABF74000BD1458 /* Spot */;
			targetProxy = C6D0AD1A1DABF74000BD1458 /* PBXContainerItemProxy */;
		};
/* End PBXTargetDependency section */

/* Begin PBXVariantGroup section */
		C6D0AD011DABF74000BD1458 /* Main.storyboard */ = {
			isa = PBXVariantGroup;
			children = (
				C6D0AD021DABF74000BD1458 /* Base */,
			);
			name = Main.storyboard;
			sourceTree = "<group>";
		};
		C6D0AD061DABF74000BD1458 /* LaunchScreen.storyboard */ = {
			isa = PBXVariantGroup;
			children = (
				C6D0AD071DABF74000BD1458 /* Base */,
			);
			name = LaunchScreen.storyboard;
			sourceTree = "<group>";
		};
/* End PBXVariantGroup section */

/* Begin XCBuildConfiguration section */
		C6D0AD201DABF74000BD1458 /* Debug */ = {
			isa = XCBuildConfiguration;
			buildSettings = {
				ALWAYS_SEARCH_USER_PATHS = NO;
				CLANG_ANALYZER_NONNULL = YES;
				CLANG_CXX_LANGUAGE_STANDARD = "gnu++0x";
				CLANG_CXX_LIBRARY = "libc++";
				CLANG_ENABLE_MODULES = YES;
				CLANG_ENABLE_OBJC_ARC = YES;
				CLANG_WARN_BOOL_CONVERSION = YES;
				CLANG_WARN_CONSTANT_CONVERSION = YES;
				CLANG_WARN_DIRECT_OBJC_ISA_USAGE = YES_ERROR;
				CLANG_WARN_DOCUMENTATION_COMMENTS = YES;
				CLANG_WARN_EMPTY_BODY = YES;
				CLANG_WARN_ENUM_CONVERSION = YES;
				CLANG_WARN_INFINITE_RECURSION = YES;
				CLANG_WARN_INT_CONVERSION = YES;
				CLANG_WARN_OBJC_ROOT_CLASS = YES_ERROR;
				CLANG_WARN_SUSPICIOUS_MOVES = YES;
				CLANG_WARN_UNREACHABLE_CODE = YES;
				CLANG_WARN__DUPLICATE_METHOD_MATCH = YES;
				"CODE_SIGN_IDENTITY[sdk=iphoneos*]" = "iPhone Developer";
				COPY_PHASE_STRIP = NO;
				DEBUG_INFORMATION_FORMAT = dwarf;
				ENABLE_STRICT_OBJC_MSGSEND = YES;
				ENABLE_TESTABILITY = YES;
				GCC_C_LANGUAGE_STANDARD = gnu99;
				GCC_DYNAMIC_NO_PIC = NO;
				GCC_NO_COMMON_BLOCKS = YES;
				GCC_OPTIMIZATION_LEVEL = 0;
				GCC_PREPROCESSOR_DEFINITIONS = (
					"DEBUG=1",
					"$(inherited)",
				);
				GCC_WARN_64_TO_32_BIT_CONVERSION = YES;
				GCC_WARN_ABOUT_RETURN_TYPE = YES_ERROR;
				GCC_WARN_UNDECLARED_SELECTOR = YES;
				GCC_WARN_UNINITIALIZED_AUTOS = YES_AGGRESSIVE;
				GCC_WARN_UNUSED_FUNCTION = YES;
				GCC_WARN_UNUSED_VARIABLE = YES;
				IPHONEOS_DEPLOYMENT_TARGET = 10.0;
				MTL_ENABLE_DEBUG_INFO = YES;
				ONLY_ACTIVE_ARCH = YES;
				SDKROOT = iphoneos;
				SWIFT_ACTIVE_COMPILATION_CONDITIONS = DEBUG;
				SWIFT_OPTIMIZATION_LEVEL = "-Onone";
				TARGETED_DEVICE_FAMILY = "1,2";
			};
			name = Debug;
		};
		C6D0AD211DABF74000BD1458 /* Release */ = {
			isa = XCBuildConfiguration;
			buildSettings = {
				ALWAYS_SEARCH_USER_PATHS = NO;
				CLANG_ANALYZER_NONNULL = YES;
				CLANG_CXX_LANGUAGE_STANDARD = "gnu++0x";
				CLANG_CXX_LIBRARY = "libc++";
				CLANG_ENABLE_MODULES = YES;
				CLANG_ENABLE_OBJC_ARC = YES;
				CLANG_WARN_BOOL_CONVERSION = YES;
				CLANG_WARN_CONSTANT_CONVERSION = YES;
				CLANG_WARN_DIRECT_OBJC_ISA_USAGE = YES_ERROR;
				CLANG_WARN_DOCUMENTATION_COMMENTS = YES;
				CLANG_WARN_EMPTY_BODY = YES;
				CLANG_WARN_ENUM_CONVERSION = YES;
				CLANG_WARN_INFINITE_RECURSION = YES;
				CLANG_WARN_INT_CONVERSION = YES;
				CLANG_WARN_OBJC_ROOT_CLASS = YES_ERROR;
				CLANG_WARN_SUSPICIOUS_MOVES = YES;
				CLANG_WARN_UNREACHABLE_CODE = YES;
				CLANG_WARN__DUPLICATE_METHOD_MATCH = YES;
				"CODE_SIGN_IDENTITY[sdk=iphoneos*]" = "iPhone Developer";
				COPY_PHASE_STRIP = NO;
				DEBUG_INFORMATION_FORMAT = "dwarf-with-dsym";
				ENABLE_NS_ASSERTIONS = NO;
				ENABLE_STRICT_OBJC_MSGSEND = YES;
				GCC_C_LANGUAGE_STANDARD = gnu99;
				GCC_NO_COMMON_BLOCKS = YES;
				GCC_WARN_64_TO_32_BIT_CONVERSION = YES;
				GCC_WARN_ABOUT_RETURN_TYPE = YES_ERROR;
				GCC_WARN_UNDECLARED_SELECTOR = YES;
				GCC_WARN_UNINITIALIZED_AUTOS = YES_AGGRESSIVE;
				GCC_WARN_UNUSED_FUNCTION = YES;
				GCC_WARN_UNUSED_VARIABLE = YES;
				IPHONEOS_DEPLOYMENT_TARGET = 10.0;
				MTL_ENABLE_DEBUG_INFO = NO;
				SDKROOT = iphoneos;
				SWIFT_OPTIMIZATION_LEVEL = "-Owholemodule";
				TARGETED_DEVICE_FAMILY = "1,2";
				VALIDATE_PRODUCT = YES;
			};
			name = Release;
		};
		C6D0AD231DABF74000BD1458 /* Debug */ = {
			isa = XCBuildConfiguration;
			baseConfigurationReference = D635A5B201331773585950DC /* Pods-Spot.debug.xcconfig */;
			buildSettings = {
				ASSETCATALOG_COMPILER_APPICON_NAME = AppIcon;
				INFOPLIST_FILE = Spot/Info.plist;
				LD_RUNPATH_SEARCH_PATHS = "$(inherited) @executable_path/Frameworks";
				PRODUCT_BUNDLE_IDENTIFIER = com.kaka.Spot;
				PRODUCT_NAME = "$(TARGET_NAME)";
				SWIFT_VERSION = 3.0;
			};
			name = Debug;
		};
		C6D0AD241DABF74000BD1458 /* Release */ = {
			isa = XCBuildConfiguration;
			baseConfigurationReference = B4F1B4ED4A08D75AF71909F4 /* Pods-Spot.release.xcconfig */;
			buildSettings = {
				ASSETCATALOG_COMPILER_APPICON_NAME = AppIcon;
				INFOPLIST_FILE = Spot/Info.plist;
				LD_RUNPATH_SEARCH_PATHS = "$(inherited) @executable_path/Frameworks";
				PRODUCT_BUNDLE_IDENTIFIER = com.kaka.Spot;
				PRODUCT_NAME = "$(TARGET_NAME)";
				SWIFT_VERSION = 3.0;
			};
			name = Release;
		};
		C6D0AD261DABF74000BD1458 /* Debug */ = {
			isa = XCBuildConfiguration;
			baseConfigurationReference = EA921F62734DAE9EFDD2E568 /* Pods-SpotTests.debug.xcconfig */;
			buildSettings = {
				ALWAYS_EMBED_SWIFT_STANDARD_LIBRARIES = YES;
				BUNDLE_LOADER = "$(TEST_HOST)";
				INFOPLIST_FILE = SpotTests/Info.plist;
				LD_RUNPATH_SEARCH_PATHS = "$(inherited) @executable_path/Frameworks @loader_path/Frameworks";
				PRODUCT_BUNDLE_IDENTIFIER = com.kaka.SpotTests;
				PRODUCT_NAME = "$(TARGET_NAME)";
				SWIFT_VERSION = 3.0;
				TEST_HOST = "$(BUILT_PRODUCTS_DIR)/Spot.app/Spot";
			};
			name = Debug;
		};
		C6D0AD271DABF74000BD1458 /* Release */ = {
			isa = XCBuildConfiguration;
			baseConfigurationReference = 2126C64F1DC02F77A558B196 /* Pods-SpotTests.release.xcconfig */;
			buildSettings = {
				ALWAYS_EMBED_SWIFT_STANDARD_LIBRARIES = YES;
				BUNDLE_LOADER = "$(TEST_HOST)";
				INFOPLIST_FILE = SpotTests/Info.plist;
				LD_RUNPATH_SEARCH_PATHS = "$(inherited) @executable_path/Frameworks @loader_path/Frameworks";
				PRODUCT_BUNDLE_IDENTIFIER = com.kaka.SpotTests;
				PRODUCT_NAME = "$(TARGET_NAME)";
				SWIFT_VERSION = 3.0;
				TEST_HOST = "$(BUILT_PRODUCTS_DIR)/Spot.app/Spot";
			};
			name = Release;
		};
		C6D0AD291DABF74000BD1458 /* Debug */ = {
			isa = XCBuildConfiguration;
			baseConfigurationReference = 2D45B28E99491D784ACF489A /* Pods-SpotUITests.debug.xcconfig */;
			buildSettings = {
				ALWAYS_EMBED_SWIFT_STANDARD_LIBRARIES = YES;
				INFOPLIST_FILE = SpotUITests/Info.plist;
				LD_RUNPATH_SEARCH_PATHS = "$(inherited) @executable_path/Frameworks @loader_path/Frameworks";
				PRODUCT_BUNDLE_IDENTIFIER = com.kaka.SpotUITests;
				PRODUCT_NAME = "$(TARGET_NAME)";
				SWIFT_VERSION = 3.0;
				TEST_TARGET_NAME = Spot;
			};
			name = Debug;
		};
		C6D0AD2A1DABF74000BD1458 /* Release */ = {
			isa = XCBuildConfiguration;
			baseConfigurationReference = 179BDABC9F97850B376A85C7 /* Pods-SpotUITests.release.xcconfig */;
			buildSettings = {
				ALWAYS_EMBED_SWIFT_STANDARD_LIBRARIES = YES;
				INFOPLIST_FILE = SpotUITests/Info.plist;
				LD_RUNPATH_SEARCH_PATHS = "$(inherited) @executable_path/Frameworks @loader_path/Frameworks";
				PRODUCT_BUNDLE_IDENTIFIER = com.kaka.SpotUITests;
				PRODUCT_NAME = "$(TARGET_NAME)";
				SWIFT_VERSION = 3.0;
				TEST_TARGET_NAME = Spot;
			};
			name = Release;
		};
/* End XCBuildConfiguration section */

/* Begin XCConfigurationList section */
		C6D0ACF51DABF74000BD1458 /* Build configuration list for PBXProject "Spot" */ = {
			isa = XCConfigurationList;
			buildConfigurations = (
				C6D0AD201DABF74000BD1458 /* Debug */,
				C6D0AD211DABF74000BD1458 /* Release */,
			);
			defaultConfigurationIsVisible = 0;
			defaultConfigurationName = Release;
		};
		C6D0AD221DABF74000BD1458 /* Build configuration list for PBXNativeTarget "Spot" */ = {
			isa = XCConfigurationList;
			buildConfigurations = (
				C6D0AD231DABF74000BD1458 /* Debug */,
				C6D0AD241DABF74000BD1458 /* Release */,
			);
			defaultConfigurationIsVisible = 0;
			defaultConfigurationName = Release;
		};
		C6D0AD251DABF74000BD1458 /* Build configuration list for PBXNativeTarget "SpotTests" */ = {
			isa = XCConfigurationList;
			buildConfigurations = (
				C6D0AD261DABF74000BD1458 /* Debug */,
				C6D0AD271DABF74000BD1458 /* Release */,
			);
			defaultConfigurationIsVisible = 0;
			defaultConfigurationName = Release;
		};
		C6D0AD281DABF74000BD1458 /* Build configuration list for PBXNativeTarget "SpotUITests" */ = {
			isa = XCConfigurationList;
			buildConfigurations = (
				C6D0AD291DABF74000BD1458 /* Debug */,
				C6D0AD2A1DABF74000BD1458 /* Release */,
			);
			defaultConfigurationIsVisible = 0;
			defaultConfigurationName = Release;
		};
/* End XCConfigurationList section */
	};
	rootObject = C6D0ACF21DABF74000BD1458 /* Project object */;
}
